<?xml version="1.0" encoding="utf-8"?>
<Project ToolsVersion="4.0" xmlns="http://schemas.microsoft.com/developer/msbuild/2003">
  <ItemGroup>
    <CudaCompile Include="kernel.cu" />
    <CudaCompile Include="common\preprocess.cu">
      <Filter>common</Filter>
    </CudaCompile>
    <CudaCompile Include="layer\IActivationLayer.cu">
      <Filter>Layer\Activation</Filter>
    </CudaCompile>
    <CudaCompile Include="layer\IConvolutionLayer.cu">
      <Filter>Layer\ConvolutionLayer</Filter>
    </CudaCompile>
    <CudaCompile Include="layer\IElementWiseLayer.cu">
      <Filter>Layer\ElementWiseLayer</Filter>
    </CudaCompile>
    <CudaCompile Include="layer\IPoolingLayer.cu">
      <Filter>Layer\PoolingLayer</Filter>
    </CudaCompile>
    <CudaCompile Include="layer\IUpsampleLayer.cu">
      <Filter>Layer\UpsampleLayer</Filter>
    </CudaCompile>
    <CudaCompile Include="layer\UScaleLayer.cu">
      <Filter>Layer\ScaleLayer</Filter>
    </CudaCompile>
    <CudaCompile Include="yolo\yololayer.cu">
      <Filter>yolo</Filter>
    </CudaCompile>
  </ItemGroup>
  <ItemGroup>
    <Filter Include="common">
      <UniqueIdentifier>{79308829-a1f0-44f1-a246-59e6262ef3a2}</UniqueIdentifier>
    </Filter>
    <Filter Include="yolo">
      <UniqueIdentifier>{7969f7a0-db6e-4dd5-a560-a9faf9914754}</UniqueIdentifier>
    </Filter>
    <Filter Include="Layer">
      <UniqueIdentifier>{1dda56d1-9188-4b40-821f-7ca96d593a96}</UniqueIdentifier>
    </Filter>
    <Filter Include="Layer\Activation">
      <UniqueIdentifier>{b2ba3463-e7af-42f3-8f99-922310ff6bb0}</UniqueIdentifier>
    </Filter>
    <Filter Include="Layer\Concatenation">
      <UniqueIdentifier>{2bdee830-37ef-4bc2-a0a1-72bc99785ae1}</UniqueIdentifier>
    </Filter>
    <Filter Include="Layer\ConvolutionLayer">
      <UniqueIdentifier>{657cdc8d-56ea-48b3-82f5-0f73a06a3ebc}</UniqueIdentifier>
    </Filter>
    <Filter Include="Layer\ElementWiseLayer">
      <UniqueIdentifier>{8df6e7ee-236d-43b6-8c3c-a5d41cb4bc92}</UniqueIdentifier>
    </Filter>
    <Filter Include="Layer\PoolingLayer">
      <UniqueIdentifier>{12864f58-e13a-4c92-92d8-0d7e16cde247}</UniqueIdentifier>
    </Filter>
    <Filter Include="Layer\ScaleLayer">
      <UniqueIdentifier>{2939c9a1-864e-42ac-ae5c-416b0e878d49}</UniqueIdentifier>
    </Filter>
    <Filter Include="Layer\UpsampleLayer">
      <UniqueIdentifier>{3cc0d5e6-037d-492a-a77c-bd4de2d0b9cc}</UniqueIdentifier>
    </Filter>
  </ItemGroup>
  <ItemGroup>
    <ClInclude Include="yolo\bottleneck.h">
      <Filter>yolo</Filter>
    </ClInclude>
    <ClInclude Include="yolo\C3.h">
      <Filter>yolo</Filter>
    </ClInclude>
    <ClInclude Include="yolo\convBlock.h">
      <Filter>yolo</Filter>
    </ClInclude>
    <ClInclude Include="yolo\SPPF.h">
      <Filter>yolo</Filter>
    </ClInclude>
    <ClInclude Include="yolo\yolo_v5_6.h">
      <Filter>yolo</Filter>
    </ClInclude>
    <ClInclude Include="common\algo_common.h">
      <Filter>common</Filter>
    </ClInclude>
    <ClInclude Include="common\preprocess.h">
      <Filter>common</Filter>
    </ClInclude>
    <ClInclude Include="layer\IActivationLayer.h">
      <Filter>Layer\Activation</Filter>
    </ClInclude>
    <ClInclude Include="layer\IConcatenationLayer.h">
      <Filter>Layer\Concatenation</Filter>
    </ClInclude>
    <ClInclude Include="layer\IConvolutionLayer.h">
      <Filter>Layer\ConvolutionLayer</Filter>
    </ClInclude>
    <ClInclude Include="layer\IConvolutionLayer_BN.h">
      <Filter>Layer\ConvolutionLayer</Filter>
    </ClInclude>
    <ClInclude Include="layer\IElementWiseLayer.h">
      <Filter>Layer\ElementWiseLayer</Filter>
    </ClInclude>
    <ClInclude Include="layer\IPoolingLayer.h">
      <Filter>Layer\PoolingLayer</Filter>
    </ClInclude>
    <ClInclude Include="layer\IScaleLayer.h">
      <Filter>Layer\ScaleLayer</Filter>
    </ClInclude>
    <ClInclude Include="layer\IUpsampleLayer.h">
      <Filter>Layer\UpsampleLayer</Filter>
    </ClInclude>
    <ClInclude Include="layer\UScaleLayer.h">
      <Filter>Layer\ScaleLayer</Filter>
    </ClInclude>
    <ClInclude Include="yolo\yololayer.h">
      <Filter>yolo</Filter>
    </ClInclude>
  </ItemGroup>
  <ItemGroup>
    <ClCompile Include="demo.cpp" />
    <ClCompile Include="yolo\bottleneck.cpp">
      <Filter>yolo</Filter>
    </ClCompile>
    <ClCompile Include="yolo\C3.cpp">
      <Filter>yolo</Filter>
    </ClCompile>
    <ClCompile Include="yolo\convBlock.cpp">
      <Filter>yolo</Filter>
    </ClCompile>
    <ClCompile Include="yolo\SPPF.cpp">
      <Filter>yolo</Filter>
    </ClCompile>
    <ClCompile Include="yolo\yolo_v5_6.cpp">
      <Filter>yolo</Filter>
    </ClCompile>
    <ClCompile Include="common\algo_common.cpp">
      <Filter>common</Filter>
    </ClCompile>
    <ClCompile Include="layer\IConcatenationLayer.cpp">
      <Filter>Layer\Concatenation</Filter>
    </ClCompile>
    <ClCompile Include="layer\IConvolutionLayer_BN.cpp">
      <Filter>Layer\ConvolutionLayer</Filter>
    </ClCompile>
    <ClCompile Include="layer\IScaleLayer.cpp">
      <Filter>Layer\ScaleLayer</Filter>
    </ClCompile>
  </ItemGroup>
</Project>